
Microsoft Visual Studio Solution File, Format Version 12.00
# Visual Studio Version 17
VisualStudioVersion = 17.7.34202.233
MinimumVisualStudioVersion = 10.0.40219.1
Project("{FAE04EC0-301F-11D3-BF4B-00C04F79EFBC}") = "webteste0", "webteste0\webteste0.csproj", "{B8403936-CCB7-4848-86E3-3B1DF86F6EF9}"
EndProject
Global
	GlobalSection(SolutionConfigurationPlatforms) = preSolution
		Debug|Any CPU = Debug|Any CPU
		Release|Any CPU = Release|Any CPU
	EndGlobalSection
	GlobalSection(ProjectConfigurationPlatforms) = postSolution
		{B8403936-CCB7-4848-86E3-3B1DF86F6EF9}.Debug|Any CPU.ActiveCfg = Debug|Any CPU
		{B8403936-CCB7-4848-86E3-3B1DF86F6EF9}.Debug|Any CPU.Build.0 = Debug|Any CPU
		{B8403936-CCB7-4848-86E3-3B1DF86F6EF9}.Release|Any CPU.ActiveCfg = Release|Any CPU
		{B8403936-CCB7-4848-86E3-3B1DF86F6EF9}.Release|Any CPU.Build.0 = Release|Any CPU
	EndGlobalSection
	GlobalSection(SolutionProperties) = preSolution
		HideSolutionNode = FALSE
	EndGlobalSection
	GlobalSection(ExtensibilityGlobals) = postSolution
		SolutionGuid = {3BEA62F2-E4AE-4278-9E6B-C904D4F62A19}
	EndGlobalSection
EndGlobal
